# This file is generated by running "yarn install" inside your project.
# Manual changes might be lost - proceed with caution!

__metadata:
  version: 4
  cacheKey: 8

"asynckit@npm:^0.4.0":
  version: 0.4.0
  resolution: "asynckit@npm:0.4.0"
  checksum: 7b78c451df768adba04e2d02e63e2d0bf3b07adcd6e42b4cf665cb7ce899bedd344c69a1dcbce355b5f972d597b25aaa1c1742b52cffd9caccb22f348114f6be
  languageName: node
  linkType: hard

"axios@npm:^0.27.2":
  version: 0.27.2
  resolution: "axios@npm:0.27.2"
  dependencies:
    follow-redirects: ^1.14.9
    form-data: ^4.0.0
  checksum: 38cb7540465fe8c4102850c4368053c21683af85c5fdf0ea619f9628abbcb59415d1e22ebc8a6390d2bbc9b58a9806c874f139767389c862ec9b772235f06854
  languageName: node
  linkType: hard

"combined-stream@npm:^1.0.8":
  version: 1.0.8
  resolution: "combined-stream@npm:1.0.8"
  dependencies:
    delayed-stream: ~1.0.0
  checksum: 49fa4aeb4916567e33ea81d088f6584749fc90c7abec76fd516bf1c5aa5c79f3584b5ba3de6b86d26ddd64bae5329c4c7479343250cfe71c75bb366eae53bb7c
  languageName: node
  linkType: hard

"delayed-stream@npm:~1.0.0":
  version: 1.0.0
  resolution: "delayed-stream@npm:1.0.0"
  checksum: 46fe6e83e2cb1d85ba50bd52803c68be9bd953282fa7096f51fc29edd5d67ff84ff753c51966061e5ba7cb5e47ef6d36a91924eddb7f3f3483b1c560f77a0020
  languageName: node
  linkType: hard

"dotenv@npm:^16.0.0":
  version: 16.0.0
  resolution: "dotenv@npm:16.0.0"
  checksum: 664cebb51f0a9a1d1b930f51f0271e72e26d62feaecc9dc03df39453dd494b4e724809ca480fb3ec3213382b1ed3f791aaeb83569a137f9329ce58efd4853dbf
  languageName: node
  linkType: hard

"follow-redirects@npm:^1.14.9":
  version: 1.15.0
  resolution: "follow-redirects@npm:1.15.0"
  peerDependenciesMeta:
    debug:
      optional: true
  checksum: eaec81c3e0ae57aae2422e38ad3539d0e7279b3a63f9681eeea319bb683dea67502c4e097136b8ce9721542b4e236e092b6b49e34e326cdd7733c274f0a3f378
  languageName: node
  linkType: hard

"form-data@npm:^4.0.0":
  version: 4.0.0
  resolution: "form-data@npm:4.0.0"
  dependencies:
    asynckit: ^0.4.0
    combined-stream: ^1.0.8
    mime-types: ^2.1.12
  checksum: 01135bf8675f9d5c61ff18e2e2932f719ca4de964e3be90ef4c36aacfc7b9cb2fceb5eca0b7e0190e3383fe51c5b37f4cb80b62ca06a99aaabfcfd6ac7c9328c
  languageName: node
  linkType: hard

"mime-db@npm:1.52.0":
  version: 1.52.0
  resolution: "mime-db@npm:1.52.0"
  checksum: 0d99a03585f8b39d68182803b12ac601d9c01abfa28ec56204fa330bc9f3d1c5e14beb049bafadb3dbdf646dfb94b87e24d4ec7b31b7279ef906a8ea9b6a513f
  languageName: node
  linkType: hard

"mime-types@npm:^2.1.12":
  version: 2.1.35
  resolution: "mime-types@npm:2.1.35"
  dependencies:
    mime-db: 1.52.0
  checksum: 89a5b7f1def9f3af5dad6496c5ed50191ae4331cc5389d7c521c8ad28d5fdad2d06fd81baf38fed813dc4e46bb55c8145bb0ff406330818c9cf712fb2e9b3836
  languageName: node
  linkType: hard

"minimist@npm:^1.2.6":
  version: 1.2.6
  resolution: "minimist@npm:1.2.6"
  checksum: d15428cd1e11eb14e1233bcfb88ae07ed7a147de251441d61158619dfb32c4d7e9061d09cab4825fdee18ecd6fce323228c8c47b5ba7cd20af378ca4048fb3fb
  languageName: node
  linkType: hard

"sync@workspace:.":
  version: 0.0.0-use.local
  resolution: "sync@workspace:."
  dependencies:
    axios: ^0.27.2
    dotenv: ^16.0.0
    minimist: ^1.2.6
  languageName: unknown
  linkType: soft
